PODS:
  - Alamofire (5.9.1)
  - Factory (1.3.7)
  - Kingfisher (8.8.0)
  - SwiftyConstraint (2.0)
  - SwiftyDebug (0.1)
  - SwiftyJSON (5.0.2)
  - SwiftyNetworkIOS (1.2.9):
    - Alamofire (~> 5.9.1)
    - SwiftyJSON (~> 5.0.2)

DEPENDENCIES:
  - Factory (~> 1.3.7)
  - Kingfisher (~> 8.0)
  - SwiftyConstraint
  - SwiftyDebug (from `../`)
  - SwiftyNetworkIOS

SPEC REPOS:
  trunk:
    - Alamofire
    - Factory
    - Kingfisher
    - SwiftyConstraint
    - SwiftyJSON
    - SwiftyNetworkIOS

EXTERNAL SOURCES:
  SwiftyDebug:
    :path: "../"

SPEC CHECKSUMS:
  Alamofire: f36a35757af4587d8e4f4bfa223ad10be2422b8c
  Factory: 66a2f463af85017d321cc6e43d768d1a522a2518
  Kingfisher: beeaf65ed57dfa710d416aea4093277e8a9b1968
  SwiftyConstraint: 40b788b71ec4475a8243c5941e57f411bd3388ce
  SwiftyDebug: 5a1b636c5617315e55c8196c5791956a15c3f28e
  SwiftyJSON: f5b1bf1cd8dd53cd25887ac0eabcfd92301c6a5a
  SwiftyNetworkIOS: 2799dca8902be5fd23bece9d7618b15bc63defff

PODFILE CHECKSUM: 37495c91ee9e8c13a9725051a21983688ab67695

COCOAPODS: 1.14.3
